// !$*UTF8*$!
{
	archiveVersion = 1;
	classes = {
	};
	objectVersion = 46;
	objects = {

/* Begin PBXBuildFile section */
		90B628321D600A2500B82222 /* AppDelegate.swift in Sources */ = {isa = PBXBuildFile; fileRef = 90B628311D600A2500B82222 /* AppDelegate.swift */; };
		90B628341D600A2500B82222 /* ViewController.swift in Sources */ = {isa = PBXBuildFile; fileRef = 90B628331D600A2500B82222 /* ViewController.swift */; };
		90B628371D600A2500B82222 /* Main.storyboard in Resources */ = {isa = PBXBuildFile; fileRef = 90B628351D600A2500B82222 /* Main.storyboard */; };
		90B628391D600A2500B82222 /* Assets.xcassets in Resources */ = {isa = PBXBuildFile; fileRef = 90B628381D600A2500B82222 /* Assets.xcassets */; };
		90B6283C1D600A2500B82222 /* LaunchScreen.storyboard in Resources */ = {isa = PBXBuildFile; fileRef = 90B6283A1D600A2500B82222 /* LaunchScreen.storyboard */; };
		90B628441D600A3F00B82222 /* Combination.mp3 in Resources */ = {isa = PBXBuildFile; fileRef = 90B628431D600A3F00B82222 /* Combination.mp3 */; };
		90B628461D601FAE00B82222 /* husky.png in Resources */ = {isa = PBXBuildFile; fileRef = 90B628451D601FAE00B82222 /* husky.png */; };
/* End PBXBuildFile section */

/* Begin PBXFileReference section */
		90B6282E1D600A2500B82222 /* Working with Audio.app */ = {isa = PBXFileReference; explicitFileType = wrapper.application; includeInIndex = 0; path = "Working with Audio.app"; sourceTree = BUILT_PRODUCTS_DIR; };
		90B628311D600A2500B82222 /* AppDelegate.swift */ = {isa = PBXFileReference; lastKnownFileType = sourcecode.swift; path = AppDelegate.swift; sourceTree = "<group>"; };
		90B628331D600A2500B82222 /* ViewController.swift */ = {isa = PBXFileReference; lastKnownFileType = sourcecode.swift; path = ViewController.swift; sourceTree = "<group>"; };
		90B628361D600A2500B82222 /* Base */ = {isa = PBXFileReference; lastKnownFileType = file.storyboard; name = Base; path = Base.lproj/Main.storyboard; sourceTree = "<group>"; };
		90B628381D600A2500B82222 /* Assets.xcassets */ = {isa = PBXFileReference; lastKnownFileType = folder.assetcatalog; path = Assets.xcassets; sourceTree = "<group>"; };
		90B6283B1D600A2500B82222 /* Base */ = {isa = PBXFileReference; lastKnownFileType = file.storyboard; name = Base; path = Base.lproj/LaunchScreen.storyboard; sourceTree = "<group>"; };
		90B6283D1D600A2500B82222 /* Info.plist */ = {isa = PBXFileReference; lastKnownFileType = text.plist.xml; path = Info.plist; sourceTree = "<group>"; };
		90B628431D600A3F00B82222 /* Combination.mp3 */ = {isa = PBXFileReference; lastKnownFileType = audio.mp3; name = Combination.mp3; path = ../../../../Downloads/Combination.mp3; sourceTree = "<group>"; };
		90B628451D601FAE00B82222 /* husky.png */ = {isa = PBXFileReference; lastKnownFileType = image.png; name = husky.png; path = ../../../../Downloads/husky.png; sourceTree = "<group>"; };
/* End PBXFileReference section */

/* Begin PBXFrameworksBuildPhase section */
		90B6282B1D600A2500B82222 /* Frameworks */ = {
			isa = PBXFrameworksBuildPhase;
			buildActionMask = 2147483647;
			files = (
			);
			runOnlyForDeploymentPostprocessing = 0;
		};
/* End PBXFrameworksBuildPhase section */

/* Begin PBXGroup section */
		90B628251D600A2500B82222 = {
			isa = PBXGroup;
			children = (
				90B628301D600A2500B82222 /* Working with Audio */,
				90B6282F1D600A2500B82222 /* Products */,
			);
			sourceTree = "<group>";
		};
		90B6282F1D600A2500B82222 /* Products */ = {
			isa = PBXGroup;
			children = (
				90B6282E1D600A2500B82222 /* Working with Audio.app */,
			);
			name = Products;
			sourceTree = "<group>";
		};
		90B628301D600A2500B82222 /* Working with Audio */ = {
			isa = PBXGroup;
			children = (
				90B628311D600A2500B82222 /* AppDelegate.swift */,
				90B628331D600A2500B82222 /* ViewController.swift */,
				90B628431D600A3F00B82222 /* Combination.mp3 */,
				90B628351D600A2500B82222 /* Main.storyboard */,
				90B628451D601FAE00B82222 /* husky.png */,
				90B628381D600A2500B82222 /* Assets.xcassets */,
				90B6283A1D600A2500B82222 /* LaunchScreen.storyboard */,
				90B6283D1D600A2500B82222 /* Info.plist */,
			);
			path = "Working with Audio";
			sourceTree = "<group>";
		};
/* End PBXGroup section */

/* Begin PBXNativeTarget section */
		90B6282D1D600A2500B82222 /* Working with Audio */ = {
			isa = PBXNativeTarget;
			buildConfigurationList = 90B628401D600A2500B82222 /* Build configuration list for PBXNativeTarget "Working with Audio" */;
			buildPhases = (
				90B6282A1D600A2500B82222 /* Sources */,
				90B6282B1D600A2500B82222 /* Frameworks */,
				90B6282C1D600A2500B82222 /* Resources */,
			);
			buildRules = (
			);
			dependencies = (
			);
			name = "Working with Audio";
			productName = "Working with Audio";
			productReference = 90B6282E1D600A2500B82222 /* Working with Audio.app */;
			productType = "com.apple.product-type.application";
		};
/* End PBXNativeTarget section */

/* Begin PBXProject section */
		90B628261D600A2500B82222 /* Project object */ = {
			isa = PBXProject;
			attributes = {
				LastSwiftUpdateCheck = 0800;
				LastUpgradeCheck = 0800;
				ORGANIZATIONNAME = "Shankar Prajapati";
				TargetAttributes = {
					90B6282D1D600A2500B82222 = {
						CreatedOnToolsVersion = 8.0;
						DevelopmentTeam = 788CPQXE33;
						DevelopmentTeamName = "Shankar Prajapati (Personal Team)";
						ProvisioningStyle = Automatic;
					};
				};
			};
			buildConfigurationList = 90B628291D600A2500B82222 /* Build configuration list for PBXProject "Working with Audio" */;
			compatibilityVersion = "Xcode 3.2";
			developmentRegion = English;
			hasScannedForEncodings = 0;
			knownRegions = (
				en,
				Base,
			);
			mainGroup = 90B628251D600A2500B82222;
			productRefGroup = 90B6282F1D600A2500B82222 /* Products */;
			projectDirPath = "";
			projectRoot = "";
			targets = (
				90B6282D1D600A2500B82222 /* Working with Audio */,
			);
		};
/* End PBXProject section */

/* Begin PBXResourcesBuildPhase section */
		90B6282C1D600A2500B82222 /* Resources */ = {
			isa = PBXResourcesBuildPhase;
			buildActionMask = 2147483647;
			files = (
				90B628441D600A3F00B82222 /* Combination.mp3 in Resources */,
				90B6283C1D600A2500B82222 /* LaunchScreen.storyboard in Resources */,
				90B628461D601FAE00B82222 /* husky.png in Resources */,
				90B628391D600A2500B82222 /* Assets.xcassets in Resources */,
				90B628371D600A2500B82222 /* Main.storyboard in Resources */,
			);
			runOnlyForDeploymentPostprocessing = 0;
		};
/* End PBXResourcesBuildPhase section */

/* Begin PBXSourcesBuildPhase section */
		90B6282A1D600A2500B82222 /* Sources */ = {
			isa = PBXSourcesBuildPhase;
			buildActionMask = 2147483647;
			files = (
				90B628341D600A2500B82222 /* ViewController.swift in Sources */,
				90B628321D600A2500B82222 /* AppDelegate.swift in Sources */,
			);
			runOnlyForDeploymentPostprocessing = 0;
		};
/* End PBXSourcesBuildPhase section */

/* Begin PBXVariantGroup section */
		90B628351D600A2500B82222 /* Main.storyboard */ = {
			isa = PBXVariantGroup;
			children = (
				90B628361D600A2500B82222 /* Base */,
			);
			name = Main.storyboard;
			sourceTree = "<group>";
		};
		90B6283A1D600A2500B82222 /* LaunchScreen.storyboard */ = {
			isa = PBXVariantGroup;
			children = (
				90B6283B1D600A2500B82222 /* Base */,
			);
			name = LaunchScreen.storyboard;
			sourceTree = "<group>";
		};
/* End PBXVariantGroup section */

/* Begin XCBuildConfiguration section */
		90B6283E1D600A2500B82222 /* Debug */ = {
			isa = XCBuildConfiguration;
			buildSettings = {
				ALWAYS_SEARCH_USER_PATHS = NO;
				CLANG_ANALYZER_NONNULL = YES;
				CLANG_CXX_LANGUAGE_STANDARD = "gnu++0x";
				CLANG_CXX_LIBRARY = "libc++";
				CLANG_ENABLE_MODULES = YES;
				CLANG_ENABLE_OBJC_ARC = YES;
				CLANG_WARN_BOOL_CONVERSION = YES;
				CLANG_WARN_CONSTANT_CONVERSION = YES;
				CLANG_WARN_DIRECT_OBJC_ISA_USAGE = YES_ERROR;
				CLANG_WARN_DOCUMENTATION_COMMENTS = YES;
				CLANG_WARN_EMPTY_BODY = YES;
				CLANG_WARN_ENUM_CONVERSION = YES;
				CLANG_WARN_INT_CONVERSION = YES;
				CLANG_WARN_OBJC_ROOT_CLASS = YES_ERROR;
				CLANG_WARN_UNREACHABLE_CODE = YES;
				CLANG_WARN__DUPLICATE_METHOD_MATCH = YES;
				"CODE_SIGN_IDENTITY[sdk=iphoneos*]" = "iPhone Developer";
				COPY_PHASE_STRIP = NO;
				DEBUG_INFORMATION_FORMAT = dwarf;
				ENABLE_STRICT_OBJC_MSGSEND = YES;
				ENABLE_TESTABILITY = YES;
				GCC_C_LANGUAGE_STANDARD = gnu99;
				GCC_DYNAMIC_NO_PIC = NO;
				GCC_NO_COMMON_BLOCKS = YES;
				GCC_OPTIMIZATION_LEVEL = 0;
				GCC_PREPROCESSOR_DEFINITIONS = (
					"DEBUG=1",
					"$(inherited)",
				);
				GCC_WARN_64_TO_32_BIT_CONVERSION = YES;
				GCC_WARN_ABOUT_RETURN_TYPE = YES_ERROR;
				GCC_WARN_UNDECLARED_SELECTOR = YES;
				GCC_WARN_UNINITIALIZED_AUTOS = YES_AGGRESSIVE;
				GCC_WARN_UNUSED_FUNCTION = YES;
				GCC_WARN_UNUSED_VARIABLE = YES;
				IPHONEOS_DEPLOYMENT_TARGET = 10.0;
				MTL_ENABLE_DEBUG_INFO = YES;
				ONLY_ACTIVE_ARCH = YES;
				SDKROOT = iphoneos;
				SWIFT_ACTIVE_COMPILATION_CONDITIONS = DEBUG;
				SWIFT_OPTIMIZATION_LEVEL = "-Onone";
			};
			name = Debug;
		};
		90B6283F1D600A2500B82222 /* Release */ = {
			isa = XCBuildConfiguration;
			buildSettings = {
				ALWAYS_SEARCH_USER_PATHS = NO;
				CLANG_ANALYZER_NONNULL = YES;
				CLANG_CXX_LANGUAGE_STANDARD = "gnu++0x";
				CLANG_CXX_LIBRARY = "libc++";
				CLANG_ENABLE_MODULES = YES;
				CLANG_ENABLE_OBJC_ARC = YES;
				CLANG_WARN_BOOL_CONVERSION = YES;
				CLANG_WARN_CONSTANT_CONVERSION = YES;
				CLANG_WARN_DIRECT_OBJC_ISA_USAGE = YES_ERROR;
				CLANG_WARN_DOCUMENTATION_COMMENTS = YES;
				CLANG_WARN_EMPTY_BODY = YES;
				CLANG_WARN_ENUM_CONVERSION = YES;
				CLANG_WARN_INT_CONVERSION = YES;
				CLANG_WARN_OBJC_ROOT_CLASS = YES_ERROR;
				CLANG_WARN_UNREACHABLE_CODE = YES;
				CLANG_WARN__DUPLICATE_METHOD_MATCH = YES;
				"CODE_SIGN_IDENTITY[sdk=iphoneos*]" = "iPhone Developer";
				COPY_PHASE_STRIP = NO;
				DEBUG_INFORMATION_FORMAT = "dwarf-with-dsym";
				ENABLE_NS_ASSERTIONS = NO;
				ENABLE_STRICT_OBJC_MSGSEND = YES;
				GCC_C_LANGUAGE_STANDARD = gnu99;
				GCC_NO_COMMON_BLOCKS = YES;
				GCC_WARN_64_TO_32_BIT_CONVERSION = YES;
				GCC_WARN_ABOUT_RETURN_TYPE = YES_ERROR;
				GCC_WARN_UNDECLARED_SELECTOR = YES;
				GCC_WARN_UNINITIALIZED_AUTOS = YES_AGGRESSIVE;
				GCC_WARN_UNUSED_FUNCTION = YES;
				GCC_WARN_UNUSED_VARIABLE = YES;
				IPHONEOS_DEPLOYMENT_TARGET = 10.0;
				MTL_ENABLE_DEBUG_INFO = NO;
				SDKROOT = iphoneos;
				SWIFT_OPTIMIZATION_LEVEL = "-Owholemodule";
				VALIDATE_PRODUCT = YES;
			};
			name = Release;
		};
		90B628411D600A2500B82222 /* Debug */ = {
			isa = XCBuildConfiguration;
			buildSettings = {
				ASSETCATALOG_COMPILER_APPICON_NAME = AppIcon;
				INFOPLIST_FILE = "Working with Audio/Info.plist";
				LD_RUNPATH_SEARCH_PATHS = "$(inherited) @executable_path/Frameworks";
				PRODUCT_BUNDLE_IDENTIFIER = "shankar.Working-with-Audio";
				PRODUCT_NAME = "$(TARGET_NAME)";
				SWIFT_VERSION = 3.0;
			};
			name = Debug;
		};
		90B628421D600A2500B82222 /* Release */ = {
			isa = XCBuildConfiguration;
			buildSettings = {
				ASSETCATALOG_COMPILER_APPICON_NAME = AppIcon;
				INFOPLIST_FILE = "Working with Audio/Info.plist";
				LD_RUNPATH_SEARCH_PATHS = "$(inherited) @executable_path/Frameworks";
				PRODUCT_BUNDLE_IDENTIFIER = "shankar.Working-with-Audio";
				PRODUCT_NAME = "$(TARGET_NAME)";
				SWIFT_VERSION = 3.0;
			};
			name = Release;
		};
/* End XCBuildConfiguration section */

/* Begin XCConfigurationList section */
		90B628291D600A2500B82222 /* Build configuration list for PBXProject "Working with Audio" */ = {
			isa = XCConfigurationList;
			buildConfigurations = (
				90B6283E1D600A2500B82222 /* Debug */,
				90B6283F1D600A2500B82222 /* Release */,
			);
			defaultConfigurationIsVisible = 0;
			defaultConfigurationName = Release;
		};
		90B628401D600A2500B82222 /* Build configuration list for PBXNativeTarget "Working with Audio" */ = {
			isa = XCConfigurationList;
			buildConfigurations = (
				90B628411D600A2500B82222 /* Debug */,
				90B628421D600A2500B82222 /* Release */,
			);
			defaultConfigurationIsVisible = 0;
		};
/* End XCConfigurationList section */
	};
	rootObject = 90B628261D600A2500B82222 /* Project object */;
}
