// !$*UTF8*$!
{
	archiveVersion = 1;
	classes = {
	};
	objectVersion = 46;
	objects = {

/* Begin PBXBuildFile section */
		90B628121D5CEC6F00B82222 /* AppDelegate.swift in Sources */ = {isa = PBXBuildFile; fileRef = 90B628111D5CEC6F00B82222 /* AppDelegate.swift */; };
		90B628171D5CEC6F00B82222 /* Main.storyboard in Resources */ = {isa = PBXBuildFile; fileRef = 90B628151D5CEC6F00B82222 /* Main.storyboard */; };
		90B628191D5CEC6F00B82222 /* Assets.xcassets in Resources */ = {isa = PBXBuildFile; fileRef = 90B628181D5CEC6F00B82222 /* Assets.xcassets */; };
		90B6281C1D5CEC6F00B82222 /* LaunchScreen.storyboard in Resources */ = {isa = PBXBuildFile; fileRef = 90B6281A1D5CEC6F00B82222 /* LaunchScreen.storyboard */; };
		90B628241D5FA55200B82222 /* MyViewController.swift in Sources */ = {isa = PBXBuildFile; fileRef = 90B628231D5FA55200B82222 /* MyViewController.swift */; };
/* End PBXBuildFile section */

/* Begin PBXFileReference section */
		90B6280E1D5CEC6F00B82222 /* SimpleCalculator.app */ = {isa = PBXFileReference; explicitFileType = wrapper.application; includeInIndex = 0; path = SimpleCalculator.app; sourceTree = BUILT_PRODUCTS_DIR; };
		90B628111D5CEC6F00B82222 /* AppDelegate.swift */ = {isa = PBXFileReference; lastKnownFileType = sourcecode.swift; path = AppDelegate.swift; sourceTree = "<group>"; };
		90B628161D5CEC6F00B82222 /* Base */ = {isa = PBXFileReference; lastKnownFileType = file.storyboard; name = Base; path = Base.lproj/Main.storyboard; sourceTree = "<group>"; };
		90B628181D5CEC6F00B82222 /* Assets.xcassets */ = {isa = PBXFileReference; lastKnownFileType = folder.assetcatalog; path = Assets.xcassets; sourceTree = "<group>"; };
		90B6281B1D5CEC6F00B82222 /* Base */ = {isa = PBXFileReference; lastKnownFileType = file.storyboard; name = Base; path = Base.lproj/LaunchScreen.storyboard; sourceTree = "<group>"; };
		90B6281D1D5CEC6F00B82222 /* Info.plist */ = {isa = PBXFileReference; lastKnownFileType = text.plist.xml; path = Info.plist; sourceTree = "<group>"; };
		90B628231D5FA55200B82222 /* MyViewController.swift */ = {isa = PBXFileReference; fileEncoding = 4; lastKnownFileType = sourcecode.swift; path = MyViewController.swift; sourceTree = "<group>"; };
/* End PBXFileReference section */

/* Begin PBXFrameworksBuildPhase section */
		90B6280B1D5CEC6F00B82222 /* Frameworks */ = {
			isa = PBXFrameworksBuildPhase;
			buildActionMask = 2147483647;
			files = (
			);
			runOnlyForDeploymentPostprocessing = 0;
		};
/* End PBXFrameworksBuildPhase section */

/* Begin PBXGroup section */
		90B628051D5CEC6F00B82222 = {
			isa = PBXGroup;
			children = (
				90B628101D5CEC6F00B82222 /* SimpleCalculator */,
				90B6280F1D5CEC6F00B82222 /* Products */,
			);
			sourceTree = "<group>";
		};
		90B6280F1D5CEC6F00B82222 /* Products */ = {
			isa = PBXGroup;
			children = (
				90B6280E1D5CEC6F00B82222 /* SimpleCalculator.app */,
			);
			name = Products;
			sourceTree = "<group>";
		};
		90B628101D5CEC6F00B82222 /* SimpleCalculator */ = {
			isa = PBXGroup;
			children = (
				90B628111D5CEC6F00B82222 /* AppDelegate.swift */,
				90B628151D5CEC6F00B82222 /* Main.storyboard */,
				90B628181D5CEC6F00B82222 /* Assets.xcassets */,
				90B6281A1D5CEC6F00B82222 /* LaunchScreen.storyboard */,
				90B6281D1D5CEC6F00B82222 /* Info.plist */,
				90B628231D5FA55200B82222 /* MyViewController.swift */,
			);
			path = SimpleCalculator;
			sourceTree = "<group>";
		};
/* End PBXGroup section */

/* Begin PBXNativeTarget section */
		90B6280D1D5CEC6F00B82222 /* SimpleCalculator */ = {
			isa = PBXNativeTarget;
			buildConfigurationList = 90B628201D5CEC6F00B82222 /* Build configuration list for PBXNativeTarget "SimpleCalculator" */;
			buildPhases = (
				90B6280A1D5CEC6F00B82222 /* Sources */,
				90B6280B1D5CEC6F00B82222 /* Frameworks */,
				90B6280C1D5CEC6F00B82222 /* Resources */,
			);
			buildRules = (
			);
			dependencies = (
			);
			name = SimpleCalculator;
			productName = SimpleCalculator;
			productReference = 90B6280E1D5CEC6F00B82222 /* SimpleCalculator.app */;
			productType = "com.apple.product-type.application";
		};
/* End PBXNativeTarget section */

/* Begin PBXProject section */
		90B628061D5CEC6F00B82222 /* Project object */ = {
			isa = PBXProject;
			attributes = {
				LastSwiftUpdateCheck = 0800;
				LastUpgradeCheck = 0800;
				ORGANIZATIONNAME = "Shankar Prajapati";
				TargetAttributes = {
					90B6280D1D5CEC6F00B82222 = {
						CreatedOnToolsVersion = 8.0;
						DevelopmentTeam = 788CPQXE33;
						DevelopmentTeamName = "Shankar Prajapati (Personal Team)";
						ProvisioningStyle = Automatic;
					};
				};
			};
			buildConfigurationList = 90B628091D5CEC6F00B82222 /* Build configuration list for PBXProject "SimpleCalculator" */;
			compatibilityVersion = "Xcode 3.2";
			developmentRegion = English;
			hasScannedForEncodings = 0;
			knownRegions = (
				en,
				Base,
			);
			mainGroup = 90B628051D5CEC6F00B82222;
			productRefGroup = 90B6280F1D5CEC6F00B82222 /* Products */;
			projectDirPath = "";
			projectRoot = "";
			targets = (
				90B6280D1D5CEC6F00B82222 /* SimpleCalculator */,
			);
		};
/* End PBXProject section */

/* Begin PBXResourcesBuildPhase section */
		90B6280C1D5CEC6F00B82222 /* Resources */ = {
			isa = PBXResourcesBuildPhase;
			buildActionMask = 2147483647;
			files = (
				90B6281C1D5CEC6F00B82222 /* LaunchScreen.storyboard in Resources */,
				90B628191D5CEC6F00B82222 /* Assets.xcassets in Resources */,
				90B628171D5CEC6F00B82222 /* Main.storyboard in Resources */,
			);
			runOnlyForDeploymentPostprocessing = 0;
		};
/* End PBXResourcesBuildPhase section */

/* Begin PBXSourcesBuildPhase section */
		90B6280A1D5CEC6F00B82222 /* Sources */ = {
			isa = PBXSourcesBuildPhase;
			buildActionMask = 2147483647;
			files = (
				90B628241D5FA55200B82222 /* MyViewController.swift in Sources */,
				90B628121D5CEC6F00B82222 /* AppDelegate.swift in Sources */,
			);
			runOnlyForDeploymentPostprocessing = 0;
		};
/* End PBXSourcesBuildPhase section */

/* Begin PBXVariantGroup section */
		90B628151D5CEC6F00B82222 /* Main.storyboard */ = {
			isa = PBXVariantGroup;
			children = (
				90B628161D5CEC6F00B82222 /* Base */,
			);
			name = Main.storyboard;
			sourceTree = "<group>";
		};
		90B6281A1D5CEC6F00B82222 /* LaunchScreen.storyboard */ = {
			isa = PBXVariantGroup;
			children = (
				90B6281B1D5CEC6F00B82222 /* Base */,
			);
			name = LaunchScreen.storyboard;
			sourceTree = "<group>";
		};
/* End PBXVariantGroup section */

/* Begin XCBuildConfiguration section */
		90B6281E1D5CEC6F00B82222 /* Debug */ = {
			isa = XCBuildConfiguration;
			buildSettings = {
				ALWAYS_SEARCH_USER_PATHS = NO;
				CLANG_ANALYZER_NONNULL = YES;
				CLANG_CXX_LANGUAGE_STANDARD = "gnu++0x";
				CLANG_CXX_LIBRARY = "libc++";
				CLANG_ENABLE_MODULES = YES;
				CLANG_ENABLE_OBJC_ARC = YES;
				CLANG_WARN_BOOL_CONVERSION = YES;
				CLANG_WARN_CONSTANT_CONVERSION = YES;
				CLANG_WARN_DIRECT_OBJC_ISA_USAGE = YES_ERROR;
				CLANG_WARN_DOCUMENTATION_COMMENTS = YES;
				CLANG_WARN_EMPTY_BODY = YES;
				CLANG_WARN_ENUM_CONVERSION = YES;
				CLANG_WARN_INT_CONVERSION = YES;
				CLANG_WARN_OBJC_ROOT_CLASS = YES_ERROR;
				CLANG_WARN_UNREACHABLE_CODE = YES;
				CLANG_WARN__DUPLICATE_METHOD_MATCH = YES;
				"CODE_SIGN_IDENTITY[sdk=iphoneos*]" = "iPhone Developer";
				COPY_PHASE_STRIP = NO;
				DEBUG_INFORMATION_FORMAT = dwarf;
				ENABLE_STRICT_OBJC_MSGSEND = YES;
				ENABLE_TESTABILITY = YES;
				GCC_C_LANGUAGE_STANDARD = gnu99;
				GCC_DYNAMIC_NO_PIC = NO;
				GCC_NO_COMMON_BLOCKS = YES;
				GCC_OPTIMIZATION_LEVEL = 0;
				GCC_PREPROCESSOR_DEFINITIONS = (
					"DEBUG=1",
					"$(inherited)",
				);
				GCC_WARN_64_TO_32_BIT_CONVERSION = YES;
				GCC_WARN_ABOUT_RETURN_TYPE = YES_ERROR;
				GCC_WARN_UNDECLARED_SELECTOR = YES;
				GCC_WARN_UNINITIALIZED_AUTOS = YES_AGGRESSIVE;
				GCC_WARN_UNUSED_FUNCTION = YES;
				GCC_WARN_UNUSED_VARIABLE = YES;
				IPHONEOS_DEPLOYMENT_TARGET = 10.0;
				MTL_ENABLE_DEBUG_INFO = YES;
				ONLY_ACTIVE_ARCH = YES;
				SDKROOT = iphoneos;
				SWIFT_ACTIVE_COMPILATION_CONDITIONS = DEBUG;
				SWIFT_OPTIMIZATION_LEVEL = "-Onone";
			};
			name = Debug;
		};
		90B6281F1D5CEC6F00B82222 /* Release */ = {
			isa = XCBuildConfiguration;
			buildSettings = {
				ALWAYS_SEARCH_USER_PATHS = NO;
				CLANG_ANALYZER_NONNULL = YES;
				CLANG_CXX_LANGUAGE_STANDARD = "gnu++0x";
				CLANG_CXX_LIBRARY = "libc++";
				CLANG_ENABLE_MODULES = YES;
				CLANG_ENABLE_OBJC_ARC = YES;
				CLANG_WARN_BOOL_CONVERSION = YES;
				CLANG_WARN_CONSTANT_CONVERSION = YES;
				CLANG_WARN_DIRECT_OBJC_ISA_USAGE = YES_ERROR;
				CLANG_WARN_DOCUMENTATION_COMMENTS = YES;
				CLANG_WARN_EMPTY_BODY = YES;
				CLANG_WARN_ENUM_CONVERSION = YES;
				CLANG_WARN_INT_CONVERSION = YES;
				CLANG_WARN_OBJC_ROOT_CLASS = YES_ERROR;
				CLANG_WARN_UNREACHABLE_CODE = YES;
				CLANG_WARN__DUPLICATE_METHOD_MATCH = YES;
				"CODE_SIGN_IDENTITY[sdk=iphoneos*]" = "iPhone Developer";
				COPY_PHASE_STRIP = NO;
				DEBUG_INFORMATION_FORMAT = "dwarf-with-dsym";
				ENABLE_NS_ASSERTIONS = NO;
				ENABLE_STRICT_OBJC_MSGSEND = YES;
				GCC_C_LANGUAGE_STANDARD = gnu99;
				GCC_NO_COMMON_BLOCKS = YES;
				GCC_WARN_64_TO_32_BIT_CONVERSION = YES;
				GCC_WARN_ABOUT_RETURN_TYPE = YES_ERROR;
				GCC_WARN_UNDECLARED_SELECTOR = YES;
				GCC_WARN_UNINITIALIZED_AUTOS = YES_AGGRESSIVE;
				GCC_WARN_UNUSED_FUNCTION = YES;
				GCC_WARN_UNUSED_VARIABLE = YES;
				IPHONEOS_DEPLOYMENT_TARGET = 10.0;
				MTL_ENABLE_DEBUG_INFO = NO;
				SDKROOT = iphoneos;
				SWIFT_OPTIMIZATION_LEVEL = "-Owholemodule";
				VALIDATE_PRODUCT = YES;
			};
			name = Release;
		};
		90B628211D5CEC6F00B82222 /* Debug */ = {
			isa = XCBuildConfiguration;
			buildSettings = {
				ASSETCATALOG_COMPILER_APPICON_NAME = AppIcon;
				INFOPLIST_FILE = SimpleCalculator/Info.plist;
				IPHONEOS_DEPLOYMENT_TARGET = 9.3;
				LD_RUNPATH_SEARCH_PATHS = "$(inherited) @executable_path/Frameworks";
				PRODUCT_BUNDLE_IDENTIFIER = shankar.SimpleCalculator;
				PRODUCT_NAME = "$(TARGET_NAME)";
				SWIFT_VERSION = 3.0;
			};
			name = Debug;
		};
		90B628221D5CEC6F00B82222 /* Release */ = {
			isa = XCBuildConfiguration;
			buildSettings = {
				ASSETCATALOG_COMPILER_APPICON_NAME = AppIcon;
				INFOPLIST_FILE = SimpleCalculator/Info.plist;
				IPHONEOS_DEPLOYMENT_TARGET = 9.3;
				LD_RUNPATH_SEARCH_PATHS = "$(inherited) @executable_path/Frameworks";
				PRODUCT_BUNDLE_IDENTIFIER = shankar.SimpleCalculator;
				PRODUCT_NAME = "$(TARGET_NAME)";
				SWIFT_VERSION = 3.0;
			};
			name = Release;
		};
/* End XCBuildConfiguration section */

/* Begin XCConfigurationList section */
		90B628091D5CEC6F00B82222 /* Build configuration list for PBXProject "SimpleCalculator" */ = {
			isa = XCConfigurationList;
			buildConfigurations = (
				90B6281E1D5CEC6F00B82222 /* Debug */,
				90B6281F1D5CEC6F00B82222 /* Release */,
			);
			defaultConfigurationIsVisible = 0;
			defaultConfigurationName = Release;
		};
		90B628201D5CEC6F00B82222 /* Build configuration list for PBXNativeTarget "SimpleCalculator" */ = {
			isa = XCConfigurationList;
			buildConfigurations = (
				90B628211D5CEC6F00B82222 /* Debug */,
				90B628221D5CEC6F00B82222 /* Release */,
			);
			defaultConfigurationIsVisible = 0;
		};
/* End XCConfigurationList section */
	};
	rootObject = 90B628061D5CEC6F00B82222 /* Project object */;
}
